// !$*UTF8*$!
{
	archiveVersion = 1;
	classes = {
	};
	objectVersion = 51;
	objects = {

/* Begin PBXBuildFile section */
		399AB5962659597C008F89DA /* EnrollViewController.swift in Sources */ = {isa = PBXBuildFile; fileRef = 399AB5942659597C008F89DA /* EnrollViewController.swift */; };
		399AB5972659597C008F89DA /* EnrollViewController.xib in Resources */ = {isa = PBXBuildFile; fileRef = 399AB5952659597C008F89DA /* EnrollViewController.xib */; };
		57E0B86CC06A18A4B5A2E589 /* Pods_iOS_NADA.framework in Frameworks */ = {isa = PBXBuildFile; fileRef = EF4C154AD4982D85C6EB4720 /* Pods_iOS_NADA.framework */; };
		77BB54B126594152005F0EA6 /* AppDelegate.swift in Sources */ = {isa = PBXBuildFile; fileRef = 77BB54B026594152005F0EA6 /* AppDelegate.swift */; };
		77BB54B326594152005F0EA6 /* SceneDelegate.swift in Sources */ = {isa = PBXBuildFile; fileRef = 77BB54B226594152005F0EA6 /* SceneDelegate.swift */; };
		77BB54BA26594156005F0EA6 /* Assets.xcassets in Resources */ = {isa = PBXBuildFile; fileRef = 77BB54B926594156005F0EA6 /* Assets.xcassets */; };
		77BB54BD26594156005F0EA6 /* LaunchScreen.storyboard in Resources */ = {isa = PBXBuildFile; fileRef = 77BB54BB26594156005F0EA6 /* LaunchScreen.storyboard */; };
		77BB54DE2659479B005F0EA6 /* temp1.swift in Sources */ = {isa = PBXBuildFile; fileRef = 77BB54DD2659479B005F0EA6 /* temp1.swift */; };
		77BB54E1265947A2005F0EA6 /* temp2.swift in Sources */ = {isa = PBXBuildFile; fileRef = 77BB54E0265947A2005F0EA6 /* temp2.swift */; };
		77BB54E4265947AD005F0EA6 /* temp3.swift in Sources */ = {isa = PBXBuildFile; fileRef = 77BB54E3265947AD005F0EA6 /* temp3.swift */; };
		77BB54E7265947B4005F0EA6 /* temp4.swift in Sources */ = {isa = PBXBuildFile; fileRef = 77BB54E6265947B4005F0EA6 /* temp4.swift */; };
		77BB54EA265947C1005F0EA6 /* temp5.swift in Sources */ = {isa = PBXBuildFile; fileRef = 77BB54E9265947C1005F0EA6 /* temp5.swift */; };
		F850897C265962C50053EBA4 /* BackViewController.swift in Sources */ = {isa = PBXBuildFile; fileRef = F850897A265962C50053EBA4 /* BackViewController.swift */; };
		F850897D265962C50053EBA4 /* BackViewController.xib in Resources */ = {isa = PBXBuildFile; fileRef = F850897B265962C50053EBA4 /* BackViewController.xib */; };
		F850897F265996570053EBA4 /* UIColor.swift in Sources */ = {isa = PBXBuildFile; fileRef = F850897E265996570053EBA4 /* UIColor.swift */; };
		F8508983265996CE0053EBA4 /* SplashViewController.swift in Sources */ = {isa = PBXBuildFile; fileRef = F8508981265996CE0053EBA4 /* SplashViewController.swift */; };
		F8508984265996CE0053EBA4 /* SplashViewController.xib in Resources */ = {isa = PBXBuildFile; fileRef = F8508982265996CE0053EBA4 /* SplashViewController.xib */; };
		F88F48B0265958AD007C423A /* EnrollRequest.swift in Sources */ = {isa = PBXBuildFile; fileRef = F88F48AF265958AD007C423A /* EnrollRequest.swift */; };
		F88F48C026595AAC007C423A /* FrontViewController.swift in Sources */ = {isa = PBXBuildFile; fileRef = F88F48BE26595AAC007C423A /* FrontViewController.swift */; };
		F88F48C126595AAC007C423A /* FrontViewController.xib in Resources */ = {isa = PBXBuildFile; fileRef = F88F48BF26595AAC007C423A /* FrontViewController.xib */; };
/* End PBXBuildFile section */

/* Begin PBXFileReference section */
		18ED559A172D36D527C7F21C /* Pods-iOS_NADA.release.xcconfig */ = {isa = PBXFileReference; includeInIndex = 1; lastKnownFileType = text.xcconfig; name = "Pods-iOS_NADA.release.xcconfig"; path = "Target Support Files/Pods-iOS_NADA/Pods-iOS_NADA.release.xcconfig"; sourceTree = "<group>"; };
		399AB5942659597C008F89DA /* EnrollViewController.swift */ = {isa = PBXFileReference; lastKnownFileType = sourcecode.swift; path = EnrollViewController.swift; sourceTree = "<group>"; };
		399AB5952659597C008F89DA /* EnrollViewController.xib */ = {isa = PBXFileReference; lastKnownFileType = file.xib; path = EnrollViewController.xib; sourceTree = "<group>"; };
		48B628252B0B82A0297A4C7F /* Pods-iOS_NADA.debug.xcconfig */ = {isa = PBXFileReference; includeInIndex = 1; lastKnownFileType = text.xcconfig; name = "Pods-iOS_NADA.debug.xcconfig"; path = "Target Support Files/Pods-iOS_NADA/Pods-iOS_NADA.debug.xcconfig"; sourceTree = "<group>"; };
		77BB54AD26594152005F0EA6 /* iOS_NADA.app */ = {isa = PBXFileReference; explicitFileType = wrapper.application; includeInIndex = 0; path = iOS_NADA.app; sourceTree = BUILT_PRODUCTS_DIR; };
		77BB54B026594152005F0EA6 /* AppDelegate.swift */ = {isa = PBXFileReference; lastKnownFileType = sourcecode.swift; path = AppDelegate.swift; sourceTree = "<group>"; };
		77BB54B226594152005F0EA6 /* SceneDelegate.swift */ = {isa = PBXFileReference; lastKnownFileType = sourcecode.swift; path = SceneDelegate.swift; sourceTree = "<group>"; };
		77BB54B926594156005F0EA6 /* Assets.xcassets */ = {isa = PBXFileReference; lastKnownFileType = folder.assetcatalog; path = Assets.xcassets; sourceTree = "<group>"; };
		77BB54BC26594156005F0EA6 /* Base */ = {isa = PBXFileReference; lastKnownFileType = file.storyboard; name = Base; path = Base.lproj/LaunchScreen.storyboard; sourceTree = "<group>"; };
		77BB54BE26594156005F0EA6 /* Info.plist */ = {isa = PBXFileReference; lastKnownFileType = text.plist.xml; path = Info.plist; sourceTree = "<group>"; };
		77BB54DD2659479B005F0EA6 /* temp1.swift */ = {isa = PBXFileReference; lastKnownFileType = sourcecode.swift; path = temp1.swift; sourceTree = "<group>"; };
		77BB54E0265947A2005F0EA6 /* temp2.swift */ = {isa = PBXFileReference; lastKnownFileType = sourcecode.swift; path = temp2.swift; sourceTree = "<group>"; };
		77BB54E3265947AD005F0EA6 /* temp3.swift */ = {isa = PBXFileReference; lastKnownFileType = sourcecode.swift; path = temp3.swift; sourceTree = "<group>"; };
		77BB54E6265947B4005F0EA6 /* temp4.swift */ = {isa = PBXFileReference; lastKnownFileType = sourcecode.swift; path = temp4.swift; sourceTree = "<group>"; };
		77BB54E9265947C1005F0EA6 /* temp5.swift */ = {isa = PBXFileReference; lastKnownFileType = sourcecode.swift; path = temp5.swift; sourceTree = "<group>"; };
		EF4C154AD4982D85C6EB4720 /* Pods_iOS_NADA.framework */ = {isa = PBXFileReference; explicitFileType = wrapper.framework; includeInIndex = 0; path = Pods_iOS_NADA.framework; sourceTree = BUILT_PRODUCTS_DIR; };
		F850897A265962C50053EBA4 /* BackViewController.swift */ = {isa = PBXFileReference; lastKnownFileType = sourcecode.swift; path = BackViewController.swift; sourceTree = "<group>"; };
		F850897B265962C50053EBA4 /* BackViewController.xib */ = {isa = PBXFileReference; lastKnownFileType = file.xib; path = BackViewController.xib; sourceTree = "<group>"; };
		F850897E265996570053EBA4 /* UIColor.swift */ = {isa = PBXFileReference; lastKnownFileType = sourcecode.swift; path = UIColor.swift; sourceTree = "<group>"; };
		F8508981265996CE0053EBA4 /* SplashViewController.swift */ = {isa = PBXFileReference; lastKnownFileType = sourcecode.swift; path = SplashViewController.swift; sourceTree = "<group>"; };
		F8508982265996CE0053EBA4 /* SplashViewController.xib */ = {isa = PBXFileReference; lastKnownFileType = file.xib; path = SplashViewController.xib; sourceTree = "<group>"; };
		F88F48AF265958AD007C423A /* EnrollRequest.swift */ = {isa = PBXFileReference; lastKnownFileType = sourcecode.swift; path = EnrollRequest.swift; sourceTree = "<group>"; };
		F88F48BE26595AAC007C423A /* FrontViewController.swift */ = {isa = PBXFileReference; lastKnownFileType = sourcecode.swift; path = FrontViewController.swift; sourceTree = "<group>"; };
		F88F48BF26595AAC007C423A /* FrontViewController.xib */ = {isa = PBXFileReference; lastKnownFileType = file.xib; path = FrontViewController.xib; sourceTree = "<group>"; };
/* End PBXFileReference section */

/* Begin PBXFrameworksBuildPhase section */
		77BB54AA26594152005F0EA6 /* Frameworks */ = {
			isa = PBXFrameworksBuildPhase;
			buildActionMask = 2147483647;
			files = (
				57E0B86CC06A18A4B5A2E589 /* Pods_iOS_NADA.framework in Frameworks */,
			);
			runOnlyForDeploymentPostprocessing = 0;
		};
/* End PBXFrameworksBuildPhase section */

/* Begin PBXGroup section */
		399AB59326595968008F89DA /* Enroll */ = {
			isa = PBXGroup;
			children = (
				399AB5942659597C008F89DA /* EnrollViewController.swift */,
				399AB5952659597C008F89DA /* EnrollViewController.xib */,
			);
			path = Enroll;
			sourceTree = "<group>";
		};
		77BB54A426594152005F0EA6 = {
			isa = PBXGroup;
			children = (
				77BB54AF26594152005F0EA6 /* iOS_NADA */,
				77BB54AE26594152005F0EA6 /* Products */,
				8BF758FFB7970708CB5ECC41 /* Pods */,
				C384B26E2B79A2885185A4B3 /* Frameworks */,
			);
			sourceTree = "<group>";
		};
		77BB54AE26594152005F0EA6 /* Products */ = {
			isa = PBXGroup;
			children = (
				77BB54AD26594152005F0EA6 /* iOS_NADA.app */,
			);
			name = Products;
			sourceTree = "<group>";
		};
		77BB54AF26594152005F0EA6 /* iOS_NADA */ = {
			isa = PBXGroup;
			children = (
				77BB54BE26594156005F0EA6 /* Info.plist */,
				77BB54C9265941E4005F0EA6 /* Source */,
				77BB54CB265941F9005F0EA6 /* Resource */,
			);
			path = iOS_NADA;
			sourceTree = "<group>";
		};
		77BB54C9265941E4005F0EA6 /* Source */ = {
			isa = PBXGroup;
			children = (
				F88F48AE265958A4007C423A /* Model */,
				77BB54D72659433B005F0EA6 /* Protocol */,
				77BB54D626594319005F0EA6 /* Network */,
				77BB54D526594303005F0EA6 /* Extension */,
				77BB54D4265942F0005F0EA6 /* Models */,
				77BB54D3265942C2005F0EA6 /* Cells */,
				77BB54CC2659421C005F0EA6 /* VCs */,
				77BB54B026594152005F0EA6 /* AppDelegate.swift */,
				77BB54B226594152005F0EA6 /* SceneDelegate.swift */,
			);
			path = Source;
			sourceTree = "<group>";
		};
		77BB54CB265941F9005F0EA6 /* Resource */ = {
			isa = PBXGroup;
			children = (
				77BB54BB26594156005F0EA6 /* LaunchScreen.storyboard */,
				77BB54B926594156005F0EA6 /* Assets.xcassets */,
			);
			path = Resource;
			sourceTree = "<group>";
		};
		77BB54CC2659421C005F0EA6 /* VCs */ = {
			isa = PBXGroup;
			children = (
				F8508980265996A80053EBA4 /* Splash */,
				399AB59326595968008F89DA /* Enroll */,
				F8508979265962AC0053EBA4 /* BackViewController */,
				F88F48B526595954007C423A /* FrontViewController */,
			);
			path = VCs;
			sourceTree = "<group>";
		};
		77BB54D3265942C2005F0EA6 /* Cells */ = {
			isa = PBXGroup;
			children = (
				77BB54E9265947C1005F0EA6 /* temp5.swift */,
			);
			path = Cells;
			sourceTree = "<group>";
		};
		77BB54D4265942F0005F0EA6 /* Models */ = {
			isa = PBXGroup;
			children = (
				77BB54E6265947B4005F0EA6 /* temp4.swift */,
			);
			path = Models;
			sourceTree = "<group>";
		};
		77BB54D526594303005F0EA6 /* Extension */ = {
			isa = PBXGroup;
			children = (
				77BB54E3265947AD005F0EA6 /* temp3.swift */,
				F850897E265996570053EBA4 /* UIColor.swift */,
			);
			path = Extension;
			sourceTree = "<group>";
		};
		77BB54D626594319005F0EA6 /* Network */ = {
			isa = PBXGroup;
			children = (
				77BB54E0265947A2005F0EA6 /* temp2.swift */,
			);
			path = Network;
			sourceTree = "<group>";
		};
		77BB54D72659433B005F0EA6 /* Protocol */ = {
			isa = PBXGroup;
			children = (
				77BB54DD2659479B005F0EA6 /* temp1.swift */,
			);
			path = Protocol;
			sourceTree = "<group>";
		};
		8BF758FFB7970708CB5ECC41 /* Pods */ = {
			isa = PBXGroup;
			children = (
				48B628252B0B82A0297A4C7F /* Pods-iOS_NADA.debug.xcconfig */,
				18ED559A172D36D527C7F21C /* Pods-iOS_NADA.release.xcconfig */,
			);
			path = Pods;
			sourceTree = "<group>";
		};
		C384B26E2B79A2885185A4B3 /* Frameworks */ = {
			isa = PBXGroup;
			children = (
				EF4C154AD4982D85C6EB4720 /* Pods_iOS_NADA.framework */,
			);
			name = Frameworks;
			sourceTree = "<group>";
		};
		F8508979265962AC0053EBA4 /* BackViewController */ = {
			isa = PBXGroup;
			children = (
				F850897A265962C50053EBA4 /* BackViewController.swift */,
				F850897B265962C50053EBA4 /* BackViewController.xib */,
			);
			path = BackViewController;
			sourceTree = "<group>";
		};
		F8508980265996A80053EBA4 /* Splash */ = {
			isa = PBXGroup;
			children = (
				F8508981265996CE0053EBA4 /* SplashViewController.swift */,
				F8508982265996CE0053EBA4 /* SplashViewController.xib */,
			);
			path = Splash;
			sourceTree = "<group>";
		};
		F88F48AE265958A4007C423A /* Model */ = {
			isa = PBXGroup;
			children = (
				F88F48AF265958AD007C423A /* EnrollRequest.swift */,
			);
			path = Model;
			sourceTree = "<group>";
		};
		F88F48B526595954007C423A /* FrontViewController */ = {
			isa = PBXGroup;
			children = (
				F88F48BE26595AAC007C423A /* FrontViewController.swift */,
				F88F48BF26595AAC007C423A /* FrontViewController.xib */,
			);
			path = FrontViewController;
			sourceTree = "<group>";
		};
/* End PBXGroup section */

/* Begin PBXNativeTarget section */
		77BB54AC26594152005F0EA6 /* iOS_NADA */ = {
			isa = PBXNativeTarget;
			buildConfigurationList = 77BB54C126594156005F0EA6 /* Build configuration list for PBXNativeTarget "iOS_NADA" */;
			buildPhases = (
				DCA5BA897D632D6A862C6109 /* [CP] Check Pods Manifest.lock */,
				77BB54A926594152005F0EA6 /* Sources */,
				77BB54AA26594152005F0EA6 /* Frameworks */,
				77BB54AB26594152005F0EA6 /* Resources */,
				C5B563223B3DA02A4527EB5C /* [CP] Embed Pods Frameworks */,
			);
			buildRules = (
			);
			dependencies = (
			);
			name = iOS_NADA;
			productName = iOS_NADA;
			productReference = 77BB54AD26594152005F0EA6 /* iOS_NADA.app */;
			productType = "com.apple.product-type.application";
		};
/* End PBXNativeTarget section */

/* Begin PBXProject section */
		77BB54A526594152005F0EA6 /* Project object */ = {
			isa = PBXProject;
			attributes = {
				LastSwiftUpdateCheck = 1240;
				LastUpgradeCheck = 1240;
				TargetAttributes = {
					77BB54AC26594152005F0EA6 = {
						CreatedOnToolsVersion = 12.4;
					};
				};
			};
			buildConfigurationList = 77BB54A826594152005F0EA6 /* Build configuration list for PBXProject "iOS_NADA" */;
			compatibilityVersion = "Xcode 9.3";
			developmentRegion = en;
			hasScannedForEncodings = 0;
			knownRegions = (
				en,
				Base,
			);
			mainGroup = 77BB54A426594152005F0EA6;
			productRefGroup = 77BB54AE26594152005F0EA6 /* Products */;
			projectDirPath = "";
			projectRoot = "";
			targets = (
				77BB54AC26594152005F0EA6 /* iOS_NADA */,
			);
		};
/* End PBXProject section */

/* Begin PBXResourcesBuildPhase section */
		77BB54AB26594152005F0EA6 /* Resources */ = {
			isa = PBXResourcesBuildPhase;
			buildActionMask = 2147483647;
			files = (
				77BB54BD26594156005F0EA6 /* LaunchScreen.storyboard in Resources */,
				77BB54BA26594156005F0EA6 /* Assets.xcassets in Resources */,
				399AB5972659597C008F89DA /* EnrollViewController.xib in Resources */,
				F8508984265996CE0053EBA4 /* SplashViewController.xib in Resources */,
				77BB54BA26594156005F0EA6 /* Assets.xcassets in Resources */,
				F88F48C126595AAC007C423A /* FrontViewController.xib in Resources */,
				77BB54BA26594156005F0EA6 /* Assets.xcassets in Resources */,
				F850897D265962C50053EBA4 /* BackViewController.xib in Resources */,
			);
			runOnlyForDeploymentPostprocessing = 0;
		};
/* End PBXResourcesBuildPhase section */

/* Begin PBXShellScriptBuildPhase section */
		C5B563223B3DA02A4527EB5C /* [CP] Embed Pods Frameworks */ = {
			isa = PBXShellScriptBuildPhase;
			buildActionMask = 2147483647;
			files = (
			);
			inputFileListPaths = (
				"${PODS_ROOT}/Target Support Files/Pods-iOS_NADA/Pods-iOS_NADA-frameworks-${CONFIGURATION}-input-files.xcfilelist",
			);
			name = "[CP] Embed Pods Frameworks";
			outputFileListPaths = (
				"${PODS_ROOT}/Target Support Files/Pods-iOS_NADA/Pods-iOS_NADA-frameworks-${CONFIGURATION}-output-files.xcfilelist",
			);
			runOnlyForDeploymentPostprocessing = 0;
			shellPath = /bin/sh;
			shellScript = "\"${PODS_ROOT}/Target Support Files/Pods-iOS_NADA/Pods-iOS_NADA-frameworks.sh\"\n";
			showEnvVarsInLog = 0;
		};
		DCA5BA897D632D6A862C6109 /* [CP] Check Pods Manifest.lock */ = {
			isa = PBXShellScriptBuildPhase;
			buildActionMask = 2147483647;
			files = (
			);
			inputFileListPaths = (
			);
			inputPaths = (
				"${PODS_PODFILE_DIR_PATH}/Podfile.lock",
				"${PODS_ROOT}/Manifest.lock",
			);
			name = "[CP] Check Pods Manifest.lock";
			outputFileListPaths = (
			);
			outputPaths = (
				"$(DERIVED_FILE_DIR)/Pods-iOS_NADA-checkManifestLockResult.txt",
			);
			runOnlyForDeploymentPostprocessing = 0;
			shellPath = /bin/sh;
			shellScript = "diff \"${PODS_PODFILE_DIR_PATH}/Podfile.lock\" \"${PODS_ROOT}/Manifest.lock\" > /dev/null\nif [ $? != 0 ] ; then\n    # print error to STDERR\n    echo \"error: The sandbox is not in sync with the Podfile.lock. Run 'pod install' or update your CocoaPods installation.\" >&2\n    exit 1\nfi\n# This output is used by Xcode 'outputs' to avoid re-running this script phase.\necho \"SUCCESS\" > \"${SCRIPT_OUTPUT_FILE_0}\"\n";
			showEnvVarsInLog = 0;
		};
/* End PBXShellScriptBuildPhase section */

/* Begin PBXSourcesBuildPhase section */
		77BB54A926594152005F0EA6 /* Sources */ = {
			isa = PBXSourcesBuildPhase;
			buildActionMask = 2147483647;
			files = (
				399AB5962659597C008F89DA /* EnrollViewController.swift in Sources */,
				F850897F265996570053EBA4 /* UIColor.swift in Sources */,
				F88F48C026595AAC007C423A /* FrontViewController.swift in Sources */,
				77BB54E7265947B4005F0EA6 /* temp4.swift in Sources */,
				77BB54EA265947C1005F0EA6 /* temp5.swift in Sources */,
				F850897C265962C50053EBA4 /* BackViewController.swift in Sources */,
				F8508983265996CE0053EBA4 /* SplashViewController.swift in Sources */,
				77BB54E1265947A2005F0EA6 /* temp2.swift in Sources */,
				77BB54B126594152005F0EA6 /* AppDelegate.swift in Sources */,
				77BB54DE2659479B005F0EA6 /* temp1.swift in Sources */,
				77BB54E4265947AD005F0EA6 /* temp3.swift in Sources */,
				F88F48B0265958AD007C423A /* EnrollRequest.swift in Sources */,
				77BB54B326594152005F0EA6 /* SceneDelegate.swift in Sources */,
			);
			runOnlyForDeploymentPostprocessing = 0;
		};
/* End PBXSourcesBuildPhase section */

/* Begin PBXVariantGroup section */
		77BB54BB26594156005F0EA6 /* LaunchScreen.storyboard */ = {
			isa = PBXVariantGroup;
			children = (
				77BB54BC26594156005F0EA6 /* Base */,
			);
			name = LaunchScreen.storyboard;
			sourceTree = "<group>";
		};
/* End PBXVariantGroup section */

/* Begin XCBuildConfiguration section */
		77BB54BF26594156005F0EA6 /* Debug */ = {
			isa = XCBuildConfiguration;
			buildSettings = {
				ALWAYS_SEARCH_USER_PATHS = NO;
				CLANG_ANALYZER_NONNULL = YES;
				CLANG_ANALYZER_NUMBER_OBJECT_CONVERSION = YES_AGGRESSIVE;
				CLANG_CXX_LANGUAGE_STANDARD = "gnu++14";
				CLANG_CXX_LIBRARY = "libc++";
				CLANG_ENABLE_MODULES = YES;
				CLANG_ENABLE_OBJC_ARC = YES;
				CLANG_ENABLE_OBJC_WEAK = YES;
				CLANG_WARN_BLOCK_CAPTURE_AUTORELEASING = YES;
				CLANG_WARN_BOOL_CONVERSION = YES;
				CLANG_WARN_COMMA = YES;
				CLANG_WARN_CONSTANT_CONVERSION = YES;
				CLANG_WARN_DEPRECATED_OBJC_IMPLEMENTATIONS = YES;
				CLANG_WARN_DIRECT_OBJC_ISA_USAGE = YES_ERROR;
				CLANG_WARN_DOCUMENTATION_COMMENTS = YES;
				CLANG_WARN_EMPTY_BODY = YES;
				CLANG_WARN_ENUM_CONVERSION = YES;
				CLANG_WARN_INFINITE_RECURSION = YES;
				CLANG_WARN_INT_CONVERSION = YES;
				CLANG_WARN_NON_LITERAL_NULL_CONVERSION = YES;
				CLANG_WARN_OBJC_IMPLICIT_RETAIN_SELF = YES;
				CLANG_WARN_OBJC_LITERAL_CONVERSION = YES;
				CLANG_WARN_OBJC_ROOT_CLASS = YES_ERROR;
				CLANG_WARN_QUOTED_INCLUDE_IN_FRAMEWORK_HEADER = YES;
				CLANG_WARN_RANGE_LOOP_ANALYSIS = YES;
				CLANG_WARN_STRICT_PROTOTYPES = YES;
				CLANG_WARN_SUSPICIOUS_MOVE = YES;
				CLANG_WARN_UNGUARDED_AVAILABILITY = YES_AGGRESSIVE;
				CLANG_WARN_UNREACHABLE_CODE = YES;
				CLANG_WARN__DUPLICATE_METHOD_MATCH = YES;
				COPY_PHASE_STRIP = NO;
				DEBUG_INFORMATION_FORMAT = dwarf;
				ENABLE_STRICT_OBJC_MSGSEND = YES;
				ENABLE_TESTABILITY = YES;
				GCC_C_LANGUAGE_STANDARD = gnu11;
				GCC_DYNAMIC_NO_PIC = NO;
				GCC_NO_COMMON_BLOCKS = YES;
				GCC_OPTIMIZATION_LEVEL = 0;
				GCC_PREPROCESSOR_DEFINITIONS = (
					"DEBUG=1",
					"$(inherited)",
				);
				GCC_WARN_64_TO_32_BIT_CONVERSION = YES;
				GCC_WARN_ABOUT_RETURN_TYPE = YES_ERROR;
				GCC_WARN_UNDECLARED_SELECTOR = YES;
				GCC_WARN_UNINITIALIZED_AUTOS = YES_AGGRESSIVE;
				GCC_WARN_UNUSED_FUNCTION = YES;
				GCC_WARN_UNUSED_VARIABLE = YES;
				IPHONEOS_DEPLOYMENT_TARGET = 14.4;
				MTL_ENABLE_DEBUG_INFO = INCLUDE_SOURCE;
				MTL_FAST_MATH = YES;
				ONLY_ACTIVE_ARCH = YES;
				SDKROOT = iphoneos;
				SWIFT_ACTIVE_COMPILATION_CONDITIONS = DEBUG;
				SWIFT_OPTIMIZATION_LEVEL = "-Onone";
			};
			name = Debug;
		};
		77BB54C026594156005F0EA6 /* Release */ = {
			isa = XCBuildConfiguration;
			buildSettings = {
				ALWAYS_SEARCH_USER_PATHS = NO;
				CLANG_ANALYZER_NONNULL = YES;
				CLANG_ANALYZER_NUMBER_OBJECT_CONVERSION = YES_AGGRESSIVE;
				CLANG_CXX_LANGUAGE_STANDARD = "gnu++14";
				CLANG_CXX_LIBRARY = "libc++";
				CLANG_ENABLE_MODULES = YES;
				CLANG_ENABLE_OBJC_ARC = YES;
				CLANG_ENABLE_OBJC_WEAK = YES;
				CLANG_WARN_BLOCK_CAPTURE_AUTORELEASING = YES;
				CLANG_WARN_BOOL_CONVERSION = YES;
				CLANG_WARN_COMMA = YES;
				CLANG_WARN_CONSTANT_CONVERSION = YES;
				CLANG_WARN_DEPRECATED_OBJC_IMPLEMENTATIONS = YES;
				CLANG_WARN_DIRECT_OBJC_ISA_USAGE = YES_ERROR;
				CLANG_WARN_DOCUMENTATION_COMMENTS = YES;
				CLANG_WARN_EMPTY_BODY = YES;
				CLANG_WARN_ENUM_CONVERSION = YES;
				CLANG_WARN_INFINITE_RECURSION = YES;
				CLANG_WARN_INT_CONVERSION = YES;
				CLANG_WARN_NON_LITERAL_NULL_CONVERSION = YES;
				CLANG_WARN_OBJC_IMPLICIT_RETAIN_SELF = YES;
				CLANG_WARN_OBJC_LITERAL_CONVERSION = YES;
				CLANG_WARN_OBJC_ROOT_CLASS = YES_ERROR;
				CLANG_WARN_QUOTED_INCLUDE_IN_FRAMEWORK_HEADER = YES;
				CLANG_WARN_RANGE_LOOP_ANALYSIS = YES;
				CLANG_WARN_STRICT_PROTOTYPES = YES;
				CLANG_WARN_SUSPICIOUS_MOVE = YES;
				CLANG_WARN_UNGUARDED_AVAILABILITY = YES_AGGRESSIVE;
				CLANG_WARN_UNREACHABLE_CODE = YES;
				CLANG_WARN__DUPLICATE_METHOD_MATCH = YES;
				COPY_PHASE_STRIP = NO;
				DEBUG_INFORMATION_FORMAT = "dwarf-with-dsym";
				ENABLE_NS_ASSERTIONS = NO;
				ENABLE_STRICT_OBJC_MSGSEND = YES;
				GCC_C_LANGUAGE_STANDARD = gnu11;
				GCC_NO_COMMON_BLOCKS = YES;
				GCC_WARN_64_TO_32_BIT_CONVERSION = YES;
				GCC_WARN_ABOUT_RETURN_TYPE = YES_ERROR;
				GCC_WARN_UNDECLARED_SELECTOR = YES;
				GCC_WARN_UNINITIALIZED_AUTOS = YES_AGGRESSIVE;
				GCC_WARN_UNUSED_FUNCTION = YES;
				GCC_WARN_UNUSED_VARIABLE = YES;
				IPHONEOS_DEPLOYMENT_TARGET = 14.4;
				MTL_ENABLE_DEBUG_INFO = NO;
				MTL_FAST_MATH = YES;
				SDKROOT = iphoneos;
				SWIFT_COMPILATION_MODE = wholemodule;
				SWIFT_OPTIMIZATION_LEVEL = "-O";
				VALIDATE_PRODUCT = YES;
			};
			name = Release;
		};
		77BB54C226594156005F0EA6 /* Debug */ = {
			isa = XCBuildConfiguration;
			baseConfigurationReference = 48B628252B0B82A0297A4C7F /* Pods-iOS_NADA.debug.xcconfig */;
			buildSettings = {
				ASSETCATALOG_COMPILER_APPICON_NAME = AppIcon;
				ASSETCATALOG_COMPILER_GLOBAL_ACCENT_COLOR_NAME = AccentColor;
				CODE_SIGN_STYLE = Automatic;
				DEVELOPMENT_TEAM = "";
				INFOPLIST_FILE = iOS_NADA/Info.plist;
				LD_RUNPATH_SEARCH_PATHS = (
					"$(inherited)",
					"@executable_path/Frameworks",
				);
				PRODUCT_BUNDLE_IDENTIFIER = "YJC.iOS-NADA";
				PRODUCT_NAME = "$(TARGET_NAME)";
				SWIFT_VERSION = 5.0;
				TARGETED_DEVICE_FAMILY = "1,2";
			};
			name = Debug;
		};
		77BB54C326594156005F0EA6 /* Release */ = {
			isa = XCBuildConfiguration;
			baseConfigurationReference = 18ED559A172D36D527C7F21C /* Pods-iOS_NADA.release.xcconfig */;
			buildSettings = {
				ASSETCATALOG_COMPILER_APPICON_NAME = AppIcon;
				ASSETCATALOG_COMPILER_GLOBAL_ACCENT_COLOR_NAME = AccentColor;
				CODE_SIGN_STYLE = Automatic;
				DEVELOPMENT_TEAM = "";
				INFOPLIST_FILE = iOS_NADA/Info.plist;
				LD_RUNPATH_SEARCH_PATHS = (
					"$(inherited)",
					"@executable_path/Frameworks",
				);
				PRODUCT_BUNDLE_IDENTIFIER = "YJC.iOS-NADA";
				PRODUCT_NAME = "$(TARGET_NAME)";
				SWIFT_VERSION = 5.0;
				TARGETED_DEVICE_FAMILY = "1,2";
			};
			name = Release;
		};
/* End XCBuildConfiguration section */

/* Begin XCConfigurationList section */
		77BB54A826594152005F0EA6 /* Build configuration list for PBXProject "iOS_NADA" */ = {
			isa = XCConfigurationList;
			buildConfigurations = (
				77BB54BF26594156005F0EA6 /* Debug */,
				77BB54C026594156005F0EA6 /* Release */,
			);
			defaultConfigurationIsVisible = 0;
			defaultConfigurationName = Release;
		};
		77BB54C126594156005F0EA6 /* Build configuration list for PBXNativeTarget "iOS_NADA" */ = {
			isa = XCConfigurationList;
			buildConfigurations = (
				77BB54C226594156005F0EA6 /* Debug */,
				77BB54C326594156005F0EA6 /* Release */,
			);
			defaultConfigurationIsVisible = 0;
			defaultConfigurationName = Release;
		};
/* End XCConfigurationList section */
	};
	rootObject = 77BB54A526594152005F0EA6 /* Project object */;
}
